// !$*UTF8*$!
{
	archiveVersion = 1;
	classes = {
	};
	objectVersion = 56;
	objects = {

/* Begin PBXBuildFile section */
		65E87565AF31831528698C4C /* MashXApp.swift in Sources */ = {isa = PBXBuildFile; fileRef = 05D16205995DD01FAAE6BB2B /* MashXApp.swift */; };
		F174974DBBBC5C709220E484 /* Theme.swift in Sources */ = {isa = PBXBuildFile; fileRef = 31CD12A72C9CE2D15378717E /* Theme.swift */; };
		4FD2A4152DD51015D1542328 /* SettingsStore.swift in Sources */ = {isa = PBXBuildFile; fileRef = 348C5AA01A644539CDEA9E44 /* SettingsStore.swift */; };
		748F7F23AE60A9E3FD0F94EE /* ToastManager.swift in Sources */ = {isa = PBXBuildFile; fileRef = DD76B6459477E6E900925037 /* ToastManager.swift */; };
		907E25A55A55A4BB0D490C83 /* Models.swift in Sources */ = {isa = PBXBuildFile; fileRef = B1FA2CBC1E3C6A304318F060 /* Models.swift */; };
		DAABFC3436165B4EC174502F /* RootView.swift in Sources */ = {isa = PBXBuildFile; fileRef = 5571835795321D7575E1F8E8 /* RootView.swift */; };
		99E23FFD4FA7A81B120554A9 /* Components.swift in Sources */ = {isa = PBXBuildFile; fileRef = 60C9E560CCD1ABB7F311151D /* Components.swift */; };
		92ED0FBA893A18C5B83FC3B9 /* ChatsView.swift in Sources */ = {isa = PBXBuildFile; fileRef = A8E3F9723F9EEB21E69C88CE /* ChatsView.swift */; };
		32EEBBF00A1366407C9D3DBA /* ChatDetailView.swift in Sources */ = {isa = PBXBuildFile; fileRef = 7C82FC85318B43B392E22B01 /* ChatDetailView.swift */; };
		7740A1FD85E725030E6FC88F /* ChannelsView.swift in Sources */ = {isa = PBXBuildFile; fileRef = 4A137070AEC46E35725F13C2 /* ChannelsView.swift */; };
		2D7991543657910E1565BE81 /* ContactsView.swift in Sources */ = {isa = PBXBuildFile; fileRef = 1C06D89B3C2A19E170369ABA /* ContactsView.swift */; };
		958A8ACC82CD748D3A138554 /* GroupsView.swift in Sources */ = {isa = PBXBuildFile; fileRef = 90FCD8A5DDCF0DE2B7B9A602 /* GroupsView.swift */; };
		1FD699C3E8F706206710F2AA /* ProfileView.swift in Sources */ = {isa = PBXBuildFile; fileRef = CC8C34075ABA4F86EB84D768 /* ProfileView.swift */; };
		8B40D333E5450E824FDEFA53 /* NetworkConfig.swift in Sources */ = {isa = PBXBuildFile; fileRef = 802EFD73433D7C61CEAE041D /* NetworkConfig.swift */; };
		31C87E3D49FE92E07F0B0D01 /* KeychainService.swift in Sources */ = {isa = PBXBuildFile; fileRef = 7DA7D5A9F4B168C2DA60FE8F /* KeychainService.swift */; };
		61BA2B4DA7C91CE45A9A6CD7 /* APIClient.swift in Sources */ = {isa = PBXBuildFile; fileRef = 41ED798BFC7C79B8A17F7B63 /* APIClient.swift */; };
		E7F57D630B74D0CB0FCD038D /* AuthManager.swift in Sources */ = {isa = PBXBuildFile; fileRef = 8809EC9FA7AC8A04AC254ECF /* AuthManager.swift */; };
		FDA2363B1177E778CC812585 /* AuthView.swift in Sources */ = {isa = PBXBuildFile; fileRef = 0EF75B6BFA2580A268EAB2B5 /* AuthView.swift */; };
		8B6FDDE27147A4D5C20A99D5 /* Assets.xcassets in Resources */ = {isa = PBXBuildFile; fileRef = A5A6C4CF6C067B79FEA673C5 /* Assets.xcassets */; };
/* End PBXBuildFile section */

/* Begin PBXFileReference section */
		05D16205995DD01FAAE6BB2B /* MashXApp.swift */ = {isa = PBXFileReference; lastKnownFileType = sourcecode.swift; path = MashXApp.swift; sourceTree = "<group>"; };
		31CD12A72C9CE2D15378717E /* Theme.swift */ = {isa = PBXFileReference; lastKnownFileType = sourcecode.swift; path = Theme.swift; sourceTree = "<group>"; };
		348C5AA01A644539CDEA9E44 /* SettingsStore.swift */ = {isa = PBXFileReference; lastKnownFileType = sourcecode.swift; path = SettingsStore.swift; sourceTree = "<group>"; };
		DD76B6459477E6E900925037 /* ToastManager.swift */ = {isa = PBXFileReference; lastKnownFileType = sourcecode.swift; path = ToastManager.swift; sourceTree = "<group>"; };
		B1FA2CBC1E3C6A304318F060 /* Models.swift */ = {isa = PBXFileReference; lastKnownFileType = sourcecode.swift; path = Models.swift; sourceTree = "<group>"; };
		5571835795321D7575E1F8E8 /* RootView.swift */ = {isa = PBXFileReference; lastKnownFileType = sourcecode.swift; path = RootView.swift; sourceTree = "<group>"; };
		60C9E560CCD1ABB7F311151D /* Components.swift */ = {isa = PBXFileReference; lastKnownFileType = sourcecode.swift; path = Components.swift; sourceTree = "<group>"; };
		A8E3F9723F9EEB21E69C88CE /* ChatsView.swift */ = {isa = PBXFileReference; lastKnownFileType = sourcecode.swift; path = ChatsView.swift; sourceTree = "<group>"; };
		7C82FC85318B43B392E22B01 /* ChatDetailView.swift */ = {isa = PBXFileReference; lastKnownFileType = sourcecode.swift; path = ChatDetailView.swift; sourceTree = "<group>"; };
		4A137070AEC46E35725F13C2 /* ChannelsView.swift */ = {isa = PBXFileReference; lastKnownFileType = sourcecode.swift; path = ChannelsView.swift; sourceTree = "<group>"; };
		1C06D89B3C2A19E170369ABA /* ContactsView.swift */ = {isa = PBXFileReference; lastKnownFileType = sourcecode.swift; path = ContactsView.swift; sourceTree = "<group>"; };
		90FCD8A5DDCF0DE2B7B9A602 /* GroupsView.swift */ = {isa = PBXFileReference; lastKnownFileType = sourcecode.swift; path = GroupsView.swift; sourceTree = "<group>"; };
		CC8C34075ABA4F86EB84D768 /* ProfileView.swift */ = {isa = PBXFileReference; lastKnownFileType = sourcecode.swift; path = ProfileView.swift; sourceTree = "<group>"; };
		802EFD73433D7C61CEAE041D /* NetworkConfig.swift */ = {isa = PBXFileReference; lastKnownFileType = sourcecode.swift; path = NetworkConfig.swift; sourceTree = "<group>"; };
		7DA7D5A9F4B168C2DA60FE8F /* KeychainService.swift */ = {isa = PBXFileReference; lastKnownFileType = sourcecode.swift; path = KeychainService.swift; sourceTree = "<group>"; };
		41ED798BFC7C79B8A17F7B63 /* APIClient.swift */ = {isa = PBXFileReference; lastKnownFileType = sourcecode.swift; path = APIClient.swift; sourceTree = "<group>"; };
		8809EC9FA7AC8A04AC254ECF /* AuthManager.swift */ = {isa = PBXFileReference; lastKnownFileType = sourcecode.swift; path = AuthManager.swift; sourceTree = "<group>"; };
		0EF75B6BFA2580A268EAB2B5 /* AuthView.swift */ = {isa = PBXFileReference; lastKnownFileType = sourcecode.swift; path = AuthView.swift; sourceTree = "<group>"; };
		A5A6C4CF6C067B79FEA673C5 /* Assets.xcassets */ = {isa = PBXFileReference; lastKnownFileType = folder.assetcatalog; path = Assets.xcassets; sourceTree = "<group>"; };
		A4B39F458AC4E84944F0C489 /* Info.plist */ = {isa = PBXFileReference; lastKnownFileType = text.plist.xml; path = Info.plist; sourceTree = "<group>"; };
		CE870142DF8452595642E790 /* MashX.app */ = {isa = PBXFileReference; explicitFileType = wrapper.application; includeInIndex = 0; path = MashX.app; sourceTree = BUILT_PRODUCTS_DIR; };
/* End PBXFileReference section */

/* Begin PBXFrameworksBuildPhase section */
		31FC5CF97078E2A0358B2E2E /* Frameworks */ = {
			isa = PBXFrameworksBuildPhase;
			buildActionMask = 2147483647;
			files = (
			);
			runOnlyForDeploymentPostprocessing = 0;
		};
/* End PBXFrameworksBuildPhase section */

/* Begin PBXGroup section */
		5DA0C26E90A09BE15B02803E = {
			isa = PBXGroup;
			children = (
				CEC4D3F3AA819818BD9602D3 /* MashX */,
				CE870142DF8452595642E790 /* MashX.app */,
			);
			sourceTree = "<group>";
		};
		CEC4D3F3AA819818BD9602D3 /* MashX */ = {
			isa = PBXGroup;
			children = (
				05D16205995DD01FAAE6BB2B /* MashXApp.swift */,
				31CD12A72C9CE2D15378717E /* Theme.swift */,
				348C5AA01A644539CDEA9E44 /* SettingsStore.swift */,
				DD76B6459477E6E900925037 /* ToastManager.swift */,
				B1FA2CBC1E3C6A304318F060 /* Models.swift */,
				5571835795321D7575E1F8E8 /* RootView.swift */,
				60C9E560CCD1ABB7F311151D /* Components.swift */,
				A8E3F9723F9EEB21E69C88CE /* ChatsView.swift */,
				7C82FC85318B43B392E22B01 /* ChatDetailView.swift */,
				4A137070AEC46E35725F13C2 /* ChannelsView.swift */,
				1C06D89B3C2A19E170369ABA /* ContactsView.swift */,
				90FCD8A5DDCF0DE2B7B9A602 /* GroupsView.swift */,
				CC8C34075ABA4F86EB84D768 /* ProfileView.swift */,
				802EFD73433D7C61CEAE041D /* NetworkConfig.swift */,
				7DA7D5A9F4B168C2DA60FE8F /* KeychainService.swift */,
				41ED798BFC7C79B8A17F7B63 /* APIClient.swift */,
				8809EC9FA7AC8A04AC254ECF /* AuthManager.swift */,
				0EF75B6BFA2580A268EAB2B5 /* AuthView.swift */,
				A5A6C4CF6C067B79FEA673C5 /* Assets.xcassets */,
				A4B39F458AC4E84944F0C489 /* Info.plist */,
			);
			name = MashX;
			path = MashX;
			sourceTree = "<group>";
		};
/* End PBXGroup section */

/* Begin PBXNativeTarget section */
		2FA9000413E9DBEB9293DBC6 /* MashX */ = {
			isa = PBXNativeTarget;
			buildConfigurationList = 7F1F03D3607DCD8FAEAE3D7F /* Build configuration list for PBXNativeTarget "MashX" */;
			buildPhases = (
				0793A8BF10FE186A68E430F8 /* Sources */,
				EDC5E91234049D905B17C1D1 /* Resources */,
				31FC5CF97078E2A0358B2E2E /* Frameworks */,
			);
			buildRules = (
			);
			dependencies = (
			);
			name = MashX;
			productName = MashX;
			productReference = CE870142DF8452595642E790 /* MashX.app */;
			productType = "com.apple.product-type.application";
		};
/* End PBXNativeTarget section */

/* Begin PBXProject section */
		6BF965B61EF68D932EFD3C4A /* Project object */ = {
			isa = PBXProject;
			buildConfigurationList = 7C9B4C988AEB9C4C34BD40FA /* Build configuration list for PBXProject "MashX" */;
			compatibilityVersion = "Xcode 14.0";
			developmentRegion = ru;
			hasScannedForEncodings = 0;
			knownRegions = (
				en,
				ru,
				Base,
			);
			mainGroup = 5DA0C26E90A09BE15B02803E;
			projectDirPath = "";
			projectRoot = "";
			targets = (
				2FA9000413E9DBEB9293DBC6 /* MashX */,
			);
		};
/* End PBXProject section */

/* Begin PBXResourcesBuildPhase section */
		EDC5E91234049D905B17C1D1 /* Resources */ = {
			isa = PBXResourcesBuildPhase;
			buildActionMask = 2147483647;
			files = (
				8B6FDDE27147A4D5C20A99D5 /* Assets.xcassets in Resources */,
			);
			runOnlyForDeploymentPostprocessing = 0;
		};
/* End PBXResourcesBuildPhase section */

/* Begin PBXSourcesBuildPhase section */
		0793A8BF10FE186A68E430F8 /* Sources */ = {
			isa = PBXSourcesBuildPhase;
			buildActionMask = 2147483647;
			files = (
				65E87565AF31831528698C4C /* MashXApp.swift in Sources */,
				F174974DBBBC5C709220E484 /* Theme.swift in Sources */,
				4FD2A4152DD51015D1542328 /* SettingsStore.swift in Sources */,
				748F7F23AE60A9E3FD0F94EE /* ToastManager.swift in Sources */,
				907E25A55A55A4BB0D490C83 /* Models.swift in Sources */,
				DAABFC3436165B4EC174502F /* RootView.swift in Sources */,
				99E23FFD4FA7A81B120554A9 /* Components.swift in Sources */,
				92ED0FBA893A18C5B83FC3B9 /* ChatsView.swift in Sources */,
				32EEBBF00A1366407C9D3DBA /* ChatDetailView.swift in Sources */,
				7740A1FD85E725030E6FC88F /* ChannelsView.swift in Sources */,
				2D7991543657910E1565BE81 /* ContactsView.swift in Sources */,
				958A8ACC82CD748D3A138554 /* GroupsView.swift in Sources */,
				1FD699C3E8F706206710F2AA /* ProfileView.swift in Sources */,
				8B40D333E5450E824FDEFA53 /* NetworkConfig.swift in Sources */,
				31C87E3D49FE92E07F0B0D01 /* KeychainService.swift in Sources */,
				61BA2B4DA7C91CE45A9A6CD7 /* APIClient.swift in Sources */,
				E7F57D630B74D0CB0FCD038D /* AuthManager.swift in Sources */,
				FDA2363B1177E778CC812585 /* AuthView.swift in Sources */,
			);
			runOnlyForDeploymentPostprocessing = 0;
		};
/* End PBXSourcesBuildPhase section */

/* Begin XCBuildConfiguration section */
		909C9F8FC664B2FF17E714D4 /* Debug */ = {
			isa = XCBuildConfiguration;
			buildSettings = {
				ALWAYS_SEARCH_USER_PATHS = NO;
				ASSET_CATALOG_COMPILER_APPICON_NAME = AppIcon;
				CLANG_ENABLE_MODULES = YES;
				CLANG_ENABLE_OBJC_ARC = YES;
				CODE_SIGN_IDENTITY = "";
				CODE_SIGNING_ALLOWED = NO;
				CODE_SIGNING_REQUIRED = NO;
				DEBUG_INFORMATION_FORMAT = dwarf;
				INFOPLIST_FILE = MashX/Info.plist;
				IPHONEOS_DEPLOYMENT_TARGET = 17.0;
				PRODUCT_BUNDLE_IDENTIFIER = com.selfcode.mashx;
				PRODUCT_NAME = $(TARGET_NAME);
				SDKROOT = iphoneos;
				SWIFT_OPTIMIZATION_LEVEL = "-Onone";
				SWIFT_VERSION = 5.0;
				TARGETED_DEVICE_FAMILY = 1;
			};
			name = Debug;
		};
		325DFFFE144ED5AF818ED408 /* Release */ = {
			isa = XCBuildConfiguration;
			buildSettings = {
				ALWAYS_SEARCH_USER_PATHS = NO;
				ASSET_CATALOG_COMPILER_APPICON_NAME = AppIcon;
				CLANG_ENABLE_MODULES = YES;
				CLANG_ENABLE_OBJC_ARC = YES;
				CODE_SIGN_IDENTITY = "";
				CODE_SIGNING_ALLOWED = NO;
				CODE_SIGNING_REQUIRED = NO;
				DEBUG_INFORMATION_FORMAT = "dwarf-with-dsym";
				INFOPLIST_FILE = MashX/Info.plist;
				IPHONEOS_DEPLOYMENT_TARGET = 17.0;
				PRODUCT_BUNDLE_IDENTIFIER = com.selfcode.mashx;
				PRODUCT_NAME = $(TARGET_NAME);
				SDKROOT = iphoneos;
				SWIFT_OPTIMIZATION_LEVEL = "-O";
				SWIFT_VERSION = 5.0;
				TARGETED_DEVICE_FAMILY = 1;
			};
			name = Release;
		};
		1DA38B6FD488AC9ABEB21D24 /* Debug */ = {
			isa = XCBuildConfiguration;
			buildSettings = {
				CODE_SIGN_IDENTITY = "";
				CODE_SIGNING_ALLOWED = NO;
				CODE_SIGNING_REQUIRED = NO;
			};
			name = Debug;
		};
		033D77F8F46104917526F95B /* Release */ = {
			isa = XCBuildConfiguration;
			buildSettings = {
				CODE_SIGN_IDENTITY = "";
				CODE_SIGNING_ALLOWED = NO;
				CODE_SIGNING_REQUIRED = NO;
			};
			name = Release;
		};
/* End XCBuildConfiguration section */

/* Begin XCConfigurationList section */
		7F1F03D3607DCD8FAEAE3D7F /* Build configuration list for PBXNativeTarget "MashX" */ = {
			isa = XCConfigurationList;
			buildConfigurations = (
				909C9F8FC664B2FF17E714D4 /* Debug */,
				325DFFFE144ED5AF818ED408 /* Release */,
			);
			defaultConfigurationIsVisible = 0;
			defaultConfigurationName = Release;
		};
		7C9B4C988AEB9C4C34BD40FA /* Build configuration list for PBXProject "MashX" */ = {
			isa = XCConfigurationList;
			buildConfigurations = (
				1DA38B6FD488AC9ABEB21D24 /* Debug */,
				033D77F8F46104917526F95B /* Release */,
			);
			defaultConfigurationIsVisible = 0;
			defaultConfigurationName = Release;
		};
/* End XCConfigurationList section */
	};
	rootObject = 6BF965B61EF68D932EFD3C4A /* Project object */;
}